// !$*UTF8*$!
{
	archiveVersion = 1;
	classes = {
	};
	objectVersion = 56;
	objects = {

/* Begin PBXBuildFile section */
		E2626FA92B30AF310020F59A /* PoetoApp.swift in Sources */ = {isa = PBXBuildFile; fileRef = E2626FA82B30AF310020F59A /* PoetoApp.swift */; };
		E2626FAB2B30AF310020F59A /* HomeScreen.swift in Sources */ = {isa = PBXBuildFile; fileRef = E2626FAA2B30AF310020F59A /* HomeScreen.swift */; };
		E2626FAD2B30AF330020F59A /* Assets.xcassets in Resources */ = {isa = PBXBuildFile; fileRef = E2626FAC2B30AF330020F59A /* Assets.xcassets */; };
		E2626FB02B30AF330020F59A /* Preview Assets.xcassets in Resources */ = {isa = PBXBuildFile; fileRef = E2626FAF2B30AF330020F59A /* Preview Assets.xcassets */; };
		E2626FBA2B30AF330020F59A /* PoetoTests.swift in Sources */ = {isa = PBXBuildFile; fileRef = E2626FB92B30AF330020F59A /* PoetoTests.swift */; };
		E2626FC42B30AF330020F59A /* PoetoUITests.swift in Sources */ = {isa = PBXBuildFile; fileRef = E2626FC32B30AF330020F59A /* PoetoUITests.swift */; };
		E2626FC62B30AF330020F59A /* PoetoUITestsLaunchTests.swift in Sources */ = {isa = PBXBuildFile; fileRef = E2626FC52B30AF330020F59A /* PoetoUITestsLaunchTests.swift */; };
		E27C2E432B30B1DF00354D74 /* Klavaro.appex in Embed Foundation Extensions */ = {isa = PBXBuildFile; fileRef = E27C2E3C2B30B1DF00354D74 /* Klavaro.appex */; settings = {ATTRIBUTES = (RemoveHeadersOnCopy, ); }; };
		E27C2E4A2B30B22500354D74 /* KeyboardKit in Frameworks */ = {isa = PBXBuildFile; productRef = E27C2E492B30B22500354D74 /* KeyboardKit */; };
		E27C2E4C2B3125B300354D74 /* KeyboardController.swift in Sources */ = {isa = PBXBuildFile; fileRef = E27C2E4B2B3125B300354D74 /* KeyboardController.swift */; };
		E27C2E512B313D5000354D74 /* KeyboardKit in Frameworks */ = {isa = PBXBuildFile; productRef = E27C2E502B313D5000354D74 /* KeyboardKit */; };
		E27C2E532B3141D700354D74 /* InputSet+Esperanto.swift in Sources */ = {isa = PBXBuildFile; fileRef = E27C2E522B3141D700354D74 /* InputSet+Esperanto.swift */; };
		E27C2E552B31471100354D74 /* LayoutProvider.swift in Sources */ = {isa = PBXBuildFile; fileRef = E27C2E542B31471100354D74 /* LayoutProvider.swift */; };
		E27C2E572B314CE800354D74 /* StyleProvider.swift in Sources */ = {isa = PBXBuildFile; fileRef = E27C2E562B314CE800354D74 /* StyleProvider.swift */; };
		E27C2E592B3216A200354D74 /* Constants.swift in Sources */ = {isa = PBXBuildFile; fileRef = E27C2E582B3216A200354D74 /* Constants.swift */; };
		E27C2E5D2B3232EA00354D74 /* String+AsDiacriticalEquivalent.swift in Sources */ = {isa = PBXBuildFile; fileRef = E27C2E5C2B3232EA00354D74 /* String+AsDiacriticalEquivalent.swift */; };
		E27C2E5F2B3236BB00354D74 /* ActionHandler.swift in Sources */ = {isa = PBXBuildFile; fileRef = E27C2E5E2B3236BB00354D74 /* ActionHandler.swift */; };
		E27C2E632B35EFC300354D74 /* Media.xcassets in Resources */ = {isa = PBXBuildFile; fileRef = E27C2E622B35EFC300354D74 /* Media.xcassets */; };
		E27C2E652B391D9700354D74 /* KeyboardButton+CustomContent.swift in Sources */ = {isa = PBXBuildFile; fileRef = E27C2E642B391D9700354D74 /* KeyboardButton+CustomContent.swift */; };
		E27C2E692B39301300354D74 /* Diacritics.swift in Sources */ = {isa = PBXBuildFile; fileRef = E27C2E682B39301300354D74 /* Diacritics.swift */; };
		E27C2E6D2B3A230200354D74 /* CalloutActionProvider.swift in Sources */ = {isa = PBXBuildFile; fileRef = E27C2E6C2B3A230200354D74 /* CalloutActionProvider.swift */; };
/* End PBXBuildFile section */

/* Begin PBXContainerItemProxy section */
		E2626FB62B30AF330020F59A /* PBXContainerItemProxy */ = {
			isa = PBXContainerItemProxy;
			containerPortal = E2626F9D2B30AF310020F59A /* Project object */;
			proxyType = 1;
			remoteGlobalIDString = E2626FA42B30AF310020F59A;
			remoteInfo = Poeto;
		};
		E2626FC02B30AF330020F59A /* PBXContainerItemProxy */ = {
			isa = PBXContainerItemProxy;
			containerPortal = E2626F9D2B30AF310020F59A /* Project object */;
			proxyType = 1;
			remoteGlobalIDString = E2626FA42B30AF310020F59A;
			remoteInfo = Poeto;
		};
		E27C2E412B30B1DF00354D74 /* PBXContainerItemProxy */ = {
			isa = PBXContainerItemProxy;
			containerPortal = E2626F9D2B30AF310020F59A /* Project object */;
			proxyType = 1;
			remoteGlobalIDString = E27C2E3B2B30B1DE00354D74;
			remoteInfo = Klavaro;
		};
/* End PBXContainerItemProxy section */

/* Begin PBXCopyFilesBuildPhase section */
		E27C2E442B30B1DF00354D74 /* Embed Foundation Extensions */ = {
			isa = PBXCopyFilesBuildPhase;
			buildActionMask = 2147483647;
			dstPath = "";
			dstSubfolderSpec = 13;
			files = (
				E27C2E432B30B1DF00354D74 /* Klavaro.appex in Embed Foundation Extensions */,
			);
			name = "Embed Foundation Extensions";
			runOnlyForDeploymentPostprocessing = 0;
		};
/* End PBXCopyFilesBuildPhase section */

/* Begin PBXFileReference section */
		E2626FA52B30AF310020F59A /* Poeto.app */ = {isa = PBXFileReference; explicitFileType = wrapper.application; includeInIndex = 0; path = Poeto.app; sourceTree = BUILT_PRODUCTS_DIR; };
		E2626FA82B30AF310020F59A /* PoetoApp.swift */ = {isa = PBXFileReference; lastKnownFileType = sourcecode.swift; path = PoetoApp.swift; sourceTree = "<group>"; };
		E2626FAA2B30AF310020F59A /* HomeScreen.swift */ = {isa = PBXFileReference; lastKnownFileType = sourcecode.swift; path = HomeScreen.swift; sourceTree = "<group>"; };
		E2626FAC2B30AF330020F59A /* Assets.xcassets */ = {isa = PBXFileReference; lastKnownFileType = folder.assetcatalog; path = Assets.xcassets; sourceTree = "<group>"; };
		E2626FAF2B30AF330020F59A /* Preview Assets.xcassets */ = {isa = PBXFileReference; lastKnownFileType = folder.assetcatalog; path = "Preview Assets.xcassets"; sourceTree = "<group>"; };
		E2626FB52B30AF330020F59A /* PoetoTests.xctest */ = {isa = PBXFileReference; explicitFileType = wrapper.cfbundle; includeInIndex = 0; path = PoetoTests.xctest; sourceTree = BUILT_PRODUCTS_DIR; };
		E2626FB92B30AF330020F59A /* PoetoTests.swift */ = {isa = PBXFileReference; lastKnownFileType = sourcecode.swift; path = PoetoTests.swift; sourceTree = "<group>"; };
		E2626FBF2B30AF330020F59A /* PoetoUITests.xctest */ = {isa = PBXFileReference; explicitFileType = wrapper.cfbundle; includeInIndex = 0; path = PoetoUITests.xctest; sourceTree = BUILT_PRODUCTS_DIR; };
		E2626FC32B30AF330020F59A /* PoetoUITests.swift */ = {isa = PBXFileReference; lastKnownFileType = sourcecode.swift; path = PoetoUITests.swift; sourceTree = "<group>"; };
		E2626FC52B30AF330020F59A /* PoetoUITestsLaunchTests.swift */ = {isa = PBXFileReference; lastKnownFileType = sourcecode.swift; path = PoetoUITestsLaunchTests.swift; sourceTree = "<group>"; };
		E27C2E3C2B30B1DF00354D74 /* Klavaro.appex */ = {isa = PBXFileReference; explicitFileType = "wrapper.app-extension"; includeInIndex = 0; path = Klavaro.appex; sourceTree = BUILT_PRODUCTS_DIR; };
		E27C2E402B30B1DF00354D74 /* Info.plist */ = {isa = PBXFileReference; lastKnownFileType = text.plist.xml; path = Info.plist; sourceTree = "<group>"; };
		E27C2E4B2B3125B300354D74 /* KeyboardController.swift */ = {isa = PBXFileReference; lastKnownFileType = sourcecode.swift; path = KeyboardController.swift; sourceTree = "<group>"; };
		E27C2E522B3141D700354D74 /* InputSet+Esperanto.swift */ = {isa = PBXFileReference; lastKnownFileType = sourcecode.swift; path = "InputSet+Esperanto.swift"; sourceTree = "<group>"; };
		E27C2E542B31471100354D74 /* LayoutProvider.swift */ = {isa = PBXFileReference; lastKnownFileType = sourcecode.swift; path = LayoutProvider.swift; sourceTree = "<group>"; };
		E27C2E562B314CE800354D74 /* StyleProvider.swift */ = {isa = PBXFileReference; lastKnownFileType = sourcecode.swift; path = StyleProvider.swift; sourceTree = "<group>"; };
		E27C2E582B3216A200354D74 /* Constants.swift */ = {isa = PBXFileReference; lastKnownFileType = sourcecode.swift; path = Constants.swift; sourceTree = "<group>"; };
		E27C2E5C2B3232EA00354D74 /* String+AsDiacriticalEquivalent.swift */ = {isa = PBXFileReference; lastKnownFileType = sourcecode.swift; path = "String+AsDiacriticalEquivalent.swift"; sourceTree = "<group>"; };
		E27C2E5E2B3236BB00354D74 /* ActionHandler.swift */ = {isa = PBXFileReference; lastKnownFileType = sourcecode.swift; path = ActionHandler.swift; sourceTree = "<group>"; };
		E27C2E622B35EFC300354D74 /* Media.xcassets */ = {isa = PBXFileReference; lastKnownFileType = folder.assetcatalog; path = Media.xcassets; sourceTree = "<group>"; };
		E27C2E642B391D9700354D74 /* KeyboardButton+CustomContent.swift */ = {isa = PBXFileReference; lastKnownFileType = sourcecode.swift; path = "KeyboardButton+CustomContent.swift"; sourceTree = "<group>"; };
		E27C2E682B39301300354D74 /* Diacritics.swift */ = {isa = PBXFileReference; lastKnownFileType = sourcecode.swift; path = Diacritics.swift; sourceTree = "<group>"; };
		E27C2E6C2B3A230200354D74 /* CalloutActionProvider.swift */ = {isa = PBXFileReference; lastKnownFileType = sourcecode.swift; path = CalloutActionProvider.swift; sourceTree = "<group>"; };
/* End PBXFileReference section */

/* Begin PBXFrameworksBuildPhase section */
		E2626FA22B30AF310020F59A /* Frameworks */ = {
			isa = PBXFrameworksBuildPhase;
			buildActionMask = 2147483647;
			files = (
				E27C2E512B313D5000354D74 /* KeyboardKit in Frameworks */,
			);
			runOnlyForDeploymentPostprocessing = 0;
		};
		E2626FB22B30AF330020F59A /* Frameworks */ = {
			isa = PBXFrameworksBuildPhase;
			buildActionMask = 2147483647;
			files = (
			);
			runOnlyForDeploymentPostprocessing = 0;
		};
		E2626FBC2B30AF330020F59A /* Frameworks */ = {
			isa = PBXFrameworksBuildPhase;
			buildActionMask = 2147483647;
			files = (
			);
			runOnlyForDeploymentPostprocessing = 0;
		};
		E27C2E392B30B1DE00354D74 /* Frameworks */ = {
			isa = PBXFrameworksBuildPhase;
			buildActionMask = 2147483647;
			files = (
				E27C2E4A2B30B22500354D74 /* KeyboardKit in Frameworks */,
			);
			runOnlyForDeploymentPostprocessing = 0;
		};
/* End PBXFrameworksBuildPhase section */

/* Begin PBXGroup section */
		E2626F9C2B30AF310020F59A = {
			isa = PBXGroup;
			children = (
				E2626FA72B30AF310020F59A /* Poeto */,
				E27C2E3D2B30B1DF00354D74 /* Klavaro */,
				E2626FB82B30AF330020F59A /* PoetoTests */,
				E2626FC22B30AF330020F59A /* PoetoUITests */,
				E2626FA62B30AF310020F59A /* Products */,
				E27C2E4D2B313CB300354D74 /* Frameworks */,
			);
			sourceTree = "<group>";
		};
		E2626FA62B30AF310020F59A /* Products */ = {
			isa = PBXGroup;
			children = (
				E2626FA52B30AF310020F59A /* Poeto.app */,
				E2626FB52B30AF330020F59A /* PoetoTests.xctest */,
				E2626FBF2B30AF330020F59A /* PoetoUITests.xctest */,
				E27C2E3C2B30B1DF00354D74 /* Klavaro.appex */,
			);
			name = Products;
			sourceTree = "<group>";
		};
		E2626FA72B30AF310020F59A /* Poeto */ = {
			isa = PBXGroup;
			children = (
				E2626FA82B30AF310020F59A /* PoetoApp.swift */,
				E2626FAA2B30AF310020F59A /* HomeScreen.swift */,
				E2626FAC2B30AF330020F59A /* Assets.xcassets */,
				E2626FAE2B30AF330020F59A /* Preview Content */,
			);
			path = Poeto;
			sourceTree = "<group>";
		};
		E2626FAE2B30AF330020F59A /* Preview Content */ = {
			isa = PBXGroup;
			children = (
				E2626FAF2B30AF330020F59A /* Preview Assets.xcassets */,
			);
			path = "Preview Content";
			sourceTree = "<group>";
		};
		E2626FB82B30AF330020F59A /* PoetoTests */ = {
			isa = PBXGroup;
			children = (
				E2626FB92B30AF330020F59A /* PoetoTests.swift */,
			);
			path = PoetoTests;
			sourceTree = "<group>";
		};
		E2626FC22B30AF330020F59A /* PoetoUITests */ = {
			isa = PBXGroup;
			children = (
				E2626FC32B30AF330020F59A /* PoetoUITests.swift */,
				E2626FC52B30AF330020F59A /* PoetoUITestsLaunchTests.swift */,
			);
			path = PoetoUITests;
			sourceTree = "<group>";
		};
		E27C2E3D2B30B1DF00354D74 /* Klavaro */ = {
			isa = PBXGroup;
			children = (
				E27C2E4B2B3125B300354D74 /* KeyboardController.swift */,
				E27C2E542B31471100354D74 /* LayoutProvider.swift */,
				E27C2E562B314CE800354D74 /* StyleProvider.swift */,
				E27C2E5E2B3236BB00354D74 /* ActionHandler.swift */,
				E27C2E6C2B3A230200354D74 /* CalloutActionProvider.swift */,
				E27C2E682B39301300354D74 /* Diacritics.swift */,
				E27C2E582B3216A200354D74 /* Constants.swift */,
				E27C2E6E2B3A233E00354D74 /* Extensions */,
				E27C2E622B35EFC300354D74 /* Media.xcassets */,
				E27C2E402B30B1DF00354D74 /* Info.plist */,
			);
			path = Klavaro;
			sourceTree = "<group>";
		};
		E27C2E4D2B313CB300354D74 /* Frameworks */ = {
			isa = PBXGroup;
			children = (
			);
			name = Frameworks;
			sourceTree = "<group>";
		};
		E27C2E6E2B3A233E00354D74 /* Extensions */ = {
			isa = PBXGroup;
			children = (
				E27C2E522B3141D700354D74 /* InputSet+Esperanto.swift */,
				E27C2E5C2B3232EA00354D74 /* String+AsDiacriticalEquivalent.swift */,
				E27C2E642B391D9700354D74 /* KeyboardButton+CustomContent.swift */,
			);
			path = Extensions;
			sourceTree = "<group>";
		};
/* End PBXGroup section */

/* Begin PBXNativeTarget section */
		E2626FA42B30AF310020F59A /* Poeto */ = {
			isa = PBXNativeTarget;
			buildConfigurationList = E2626FC92B30AF330020F59A /* Build configuration list for PBXNativeTarget "Poeto" */;
			buildPhases = (
				E2626FA12B30AF310020F59A /* Sources */,
				E2626FA22B30AF310020F59A /* Frameworks */,
				E2626FA32B30AF310020F59A /* Resources */,
				E27C2E442B30B1DF00354D74 /* Embed Foundation Extensions */,
			);
			buildRules = (
			);
			dependencies = (
				E27C2E422B30B1DF00354D74 /* PBXTargetDependency */,
			);
			name = Poeto;
			packageProductDependencies = (
				E27C2E502B313D5000354D74 /* KeyboardKit */,
			);
			productName = Poeto;
			productReference = E2626FA52B30AF310020F59A /* Poeto.app */;
			productType = "com.apple.product-type.application";
		};
		E2626FB42B30AF330020F59A /* PoetoTests */ = {
			isa = PBXNativeTarget;
			buildConfigurationList = E2626FCC2B30AF330020F59A /* Build configuration list for PBXNativeTarget "PoetoTests" */;
			buildPhases = (
				E2626FB12B30AF330020F59A /* Sources */,
				E2626FB22B30AF330020F59A /* Frameworks */,
				E2626FB32B30AF330020F59A /* Resources */,
			);
			buildRules = (
			);
			dependencies = (
				E2626FB72B30AF330020F59A /* PBXTargetDependency */,
			);
			name = PoetoTests;
			productName = PoetoTests;
			productReference = E2626FB52B30AF330020F59A /* PoetoTests.xctest */;
			productType = "com.apple.product-type.bundle.unit-test";
		};
		E2626FBE2B30AF330020F59A /* PoetoUITests */ = {
			isa = PBXNativeTarget;
			buildConfigurationList = E2626FCF2B30AF330020F59A /* Build configuration list for PBXNativeTarget "PoetoUITests" */;
			buildPhases = (
				E2626FBB2B30AF330020F59A /* Sources */,
				E2626FBC2B30AF330020F59A /* Frameworks */,
				E2626FBD2B30AF330020F59A /* Resources */,
			);
			buildRules = (
			);
			dependencies = (
				E2626FC12B30AF330020F59A /* PBXTargetDependency */,
			);
			name = PoetoUITests;
			productName = PoetoUITests;
			productReference = E2626FBF2B30AF330020F59A /* PoetoUITests.xctest */;
			productType = "com.apple.product-type.bundle.ui-testing";
		};
		E27C2E3B2B30B1DE00354D74 /* Klavaro */ = {
			isa = PBXNativeTarget;
			buildConfigurationList = E27C2E472B30B1DF00354D74 /* Build configuration list for PBXNativeTarget "Klavaro" */;
			buildPhases = (
				E27C2E382B30B1DE00354D74 /* Sources */,
				E27C2E392B30B1DE00354D74 /* Frameworks */,
				E27C2E3A2B30B1DE00354D74 /* Resources */,
			);
			buildRules = (
			);
			dependencies = (
			);
			name = Klavaro;
			packageProductDependencies = (
				E27C2E492B30B22500354D74 /* KeyboardKit */,
			);
			productName = Klavaro;
			productReference = E27C2E3C2B30B1DF00354D74 /* Klavaro.appex */;
			productType = "com.apple.product-type.app-extension";
		};
/* End PBXNativeTarget section */

/* Begin PBXProject section */
		E2626F9D2B30AF310020F59A /* Project object */ = {
			isa = PBXProject;
			attributes = {
				BuildIndependentTargetsInParallel = 1;
				LastSwiftUpdateCheck = 1510;
				LastUpgradeCheck = 1510;
				TargetAttributes = {
					E2626FA42B30AF310020F59A = {
						CreatedOnToolsVersion = 15.1;
					};
					E2626FB42B30AF330020F59A = {
						CreatedOnToolsVersion = 15.1;
						TestTargetID = E2626FA42B30AF310020F59A;
					};
					E2626FBE2B30AF330020F59A = {
						CreatedOnToolsVersion = 15.1;
						TestTargetID = E2626FA42B30AF310020F59A;
					};
					E27C2E3B2B30B1DE00354D74 = {
						CreatedOnToolsVersion = 15.1;
						LastSwiftMigration = 1510;
					};
				};
			};
			buildConfigurationList = E2626FA02B30AF310020F59A /* Build configuration list for PBXProject "Poeto" */;
			compatibilityVersion = "Xcode 14.0";
			developmentRegion = en;
			hasScannedForEncodings = 0;
			knownRegions = (
				en,
				Base,
			);
			mainGroup = E2626F9C2B30AF310020F59A;
			packageReferences = (
				E27C2E482B30B22500354D74 /* XCRemoteSwiftPackageReference "KeyboardKit" */,
			);
			productRefGroup = E2626FA62B30AF310020F59A /* Products */;
			projectDirPath = "";
			projectRoot = "";
			targets = (
				E2626FA42B30AF310020F59A /* Poeto */,
				E2626FB42B30AF330020F59A /* PoetoTests */,
				E2626FBE2B30AF330020F59A /* PoetoUITests */,
				E27C2E3B2B30B1DE00354D74 /* Klavaro */,
			);
		};
/* End PBXProject section */

/* Begin PBXResourcesBuildPhase section */
		E2626FA32B30AF310020F59A /* Resources */ = {
			isa = PBXResourcesBuildPhase;
			buildActionMask = 2147483647;
			files = (
				E2626FB02B30AF330020F59A /* Preview Assets.xcassets in Resources */,
				E2626FAD2B30AF330020F59A /* Assets.xcassets in Resources */,
			);
			runOnlyForDeploymentPostprocessing = 0;
		};
		E2626FB32B30AF330020F59A /* Resources */ = {
			isa = PBXResourcesBuildPhase;
			buildActionMask = 2147483647;
			files = (
			);
			runOnlyForDeploymentPostprocessing = 0;
		};
		E2626FBD2B30AF330020F59A /* Resources */ = {
			isa = PBXResourcesBuildPhase;
			buildActionMask = 2147483647;
			files = (
			);
			runOnlyForDeploymentPostprocessing = 0;
		};
		E27C2E3A2B30B1DE00354D74 /* Resources */ = {
			isa = PBXResourcesBuildPhase;
			buildActionMask = 2147483647;
			files = (
				E27C2E632B35EFC300354D74 /* Media.xcassets in Resources */,
			);
			runOnlyForDeploymentPostprocessing = 0;
		};
/* End PBXResourcesBuildPhase section */

/* Begin PBXSourcesBuildPhase section */
		E2626FA12B30AF310020F59A /* Sources */ = {
			isa = PBXSourcesBuildPhase;
			buildActionMask = 2147483647;
			files = (
				E2626FAB2B30AF310020F59A /* HomeScreen.swift in Sources */,
				E2626FA92B30AF310020F59A /* PoetoApp.swift in Sources */,
			);
			runOnlyForDeploymentPostprocessing = 0;
		};
		E2626FB12B30AF330020F59A /* Sources */ = {
			isa = PBXSourcesBuildPhase;
			buildActionMask = 2147483647;
			files = (
				E2626FBA2B30AF330020F59A /* PoetoTests.swift in Sources */,
			);
			runOnlyForDeploymentPostprocessing = 0;
		};
		E2626FBB2B30AF330020F59A /* Sources */ = {
			isa = PBXSourcesBuildPhase;
			buildActionMask = 2147483647;
			files = (
				E2626FC62B30AF330020F59A /* PoetoUITestsLaunchTests.swift in Sources */,
				E2626FC42B30AF330020F59A /* PoetoUITests.swift in Sources */,
			);
			runOnlyForDeploymentPostprocessing = 0;
		};
		E27C2E382B30B1DE00354D74 /* Sources */ = {
			isa = PBXSourcesBuildPhase;
			buildActionMask = 2147483647;
			files = (
				E27C2E592B3216A200354D74 /* Constants.swift in Sources */,
				E27C2E5F2B3236BB00354D74 /* ActionHandler.swift in Sources */,
				E27C2E552B31471100354D74 /* LayoutProvider.swift in Sources */,
				E27C2E6D2B3A230200354D74 /* CalloutActionProvider.swift in Sources */,
				E27C2E652B391D9700354D74 /* KeyboardButton+CustomContent.swift in Sources */,
				E27C2E4C2B3125B300354D74 /* KeyboardController.swift in Sources */,
				E27C2E572B314CE800354D74 /* StyleProvider.swift in Sources */,
				E27C2E692B39301300354D74 /* Diacritics.swift in Sources */,
				E27C2E5D2B3232EA00354D74 /* String+AsDiacriticalEquivalent.swift in Sources */,
				E27C2E532B3141D700354D74 /* InputSet+Esperanto.swift in Sources */,
			);
			runOnlyForDeploymentPostprocessing = 0;
		};
/* End PBXSourcesBuildPhase section */

/* Begin PBXTargetDependency section */
		E2626FB72B30AF330020F59A /* PBXTargetDependency */ = {
			isa = PBXTargetDependency;
			target = E2626FA42B30AF310020F59A /* Poeto */;
			targetProxy = E2626FB62B30AF330020F59A /* PBXContainerItemProxy */;
		};
		E2626FC12B30AF330020F59A /* PBXTargetDependency */ = {
			isa = PBXTargetDependency;
			target = E2626FA42B30AF310020F59A /* Poeto */;
			targetProxy = E2626FC02B30AF330020F59A /* PBXContainerItemProxy */;
		};
		E27C2E422B30B1DF00354D74 /* PBXTargetDependency */ = {
			isa = PBXTargetDependency;
			target = E27C2E3B2B30B1DE00354D74 /* Klavaro */;
			targetProxy = E27C2E412B30B1DF00354D74 /* PBXContainerItemProxy */;
		};
/* End PBXTargetDependency section */

/* Begin XCBuildConfiguration section */
		E2626FC72B30AF330020F59A /* Debug */ = {
			isa = XCBuildConfiguration;
			buildSettings = {
				ALWAYS_SEARCH_USER_PATHS = NO;
				ASSETCATALOG_COMPILER_GENERATE_SWIFT_ASSET_SYMBOL_EXTENSIONS = YES;
				CLANG_ANALYZER_NONNULL = YES;
				CLANG_ANALYZER_NUMBER_OBJECT_CONVERSION = YES_AGGRESSIVE;
				CLANG_CXX_LANGUAGE_STANDARD = "gnu++20";
				CLANG_ENABLE_MODULES = YES;
				CLANG_ENABLE_OBJC_ARC = YES;
				CLANG_ENABLE_OBJC_WEAK = YES;
				CLANG_WARN_BLOCK_CAPTURE_AUTORELEASING = YES;
				CLANG_WARN_BOOL_CONVERSION = YES;
				CLANG_WARN_COMMA = YES;
				CLANG_WARN_CONSTANT_CONVERSION = YES;
				CLANG_WARN_DEPRECATED_OBJC_IMPLEMENTATIONS = YES;
				CLANG_WARN_DIRECT_OBJC_ISA_USAGE = YES_ERROR;
				CLANG_WARN_DOCUMENTATION_COMMENTS = YES;
				CLANG_WARN_EMPTY_BODY = YES;
				CLANG_WARN_ENUM_CONVERSION = YES;
				CLANG_WARN_INFINITE_RECURSION = YES;
				CLANG_WARN_INT_CONVERSION = YES;
				CLANG_WARN_NON_LITERAL_NULL_CONVERSION = YES;
				CLANG_WARN_OBJC_IMPLICIT_RETAIN_SELF = YES;
				CLANG_WARN_OBJC_LITERAL_CONVERSION = YES;
				CLANG_WARN_OBJC_ROOT_CLASS = YES_ERROR;
				CLANG_WARN_QUOTED_INCLUDE_IN_FRAMEWORK_HEADER = YES;
				CLANG_WARN_RANGE_LOOP_ANALYSIS = YES;
				CLANG_WARN_STRICT_PROTOTYPES = YES;
				CLANG_WARN_SUSPICIOUS_MOVE = YES;
				CLANG_WARN_UNGUARDED_AVAILABILITY = YES_AGGRESSIVE;
				CLANG_WARN_UNREACHABLE_CODE = YES;
				CLANG_WARN__DUPLICATE_METHOD_MATCH = YES;
				COPY_PHASE_STRIP = NO;
				DEBUG_INFORMATION_FORMAT = dwarf;
				ENABLE_STRICT_OBJC_MSGSEND = YES;
				ENABLE_TESTABILITY = YES;
				ENABLE_USER_SCRIPT_SANDBOXING = YES;
				GCC_C_LANGUAGE_STANDARD = gnu17;
				GCC_DYNAMIC_NO_PIC = NO;
				GCC_NO_COMMON_BLOCKS = YES;
				GCC_OPTIMIZATION_LEVEL = 0;
				GCC_PREPROCESSOR_DEFINITIONS = (
					"DEBUG=1",
					"$(inherited)",
				);
				GCC_WARN_64_TO_32_BIT_CONVERSION = YES;
				GCC_WARN_ABOUT_RETURN_TYPE = YES_ERROR;
				GCC_WARN_UNDECLARED_SELECTOR = YES;
				GCC_WARN_UNINITIALIZED_AUTOS = YES_AGGRESSIVE;
				GCC_WARN_UNUSED_FUNCTION = YES;
				GCC_WARN_UNUSED_VARIABLE = YES;
				IPHONEOS_DEPLOYMENT_TARGET = 17.2;
				LOCALIZATION_PREFERS_STRING_CATALOGS = YES;
				MTL_ENABLE_DEBUG_INFO = INCLUDE_SOURCE;
				MTL_FAST_MATH = YES;
				ONLY_ACTIVE_ARCH = YES;
				SDKROOT = iphoneos;
				SWIFT_ACTIVE_COMPILATION_CONDITIONS = "DEBUG $(inherited)";
				SWIFT_OPTIMIZATION_LEVEL = "-Onone";
			};
			name = Debug;
		};
		E2626FC82B30AF330020F59A /* Release */ = {
			isa = XCBuildConfiguration;
			buildSettings = {
				ALWAYS_SEARCH_USER_PATHS = NO;
				ASSETCATALOG_COMPILER_GENERATE_SWIFT_ASSET_SYMBOL_EXTENSIONS = YES;
				CLANG_ANALYZER_NONNULL = YES;
				CLANG_ANALYZER_NUMBER_OBJECT_CONVERSION = YES_AGGRESSIVE;
				CLANG_CXX_LANGUAGE_STANDARD = "gnu++20";
				CLANG_ENABLE_MODULES = YES;
				CLANG_ENABLE_OBJC_ARC = YES;
				CLANG_ENABLE_OBJC_WEAK = YES;
				CLANG_WARN_BLOCK_CAPTURE_AUTORELEASING = YES;
				CLANG_WARN_BOOL_CONVERSION = YES;
				CLANG_WARN_COMMA = YES;
				CLANG_WARN_CONSTANT_CONVERSION = YES;
				CLANG_WARN_DEPRECATED_OBJC_IMPLEMENTATIONS = YES;
				CLANG_WARN_DIRECT_OBJC_ISA_USAGE = YES_ERROR;
				CLANG_WARN_DOCUMENTATION_COMMENTS = YES;
				CLANG_WARN_EMPTY_BODY = YES;
				CLANG_WARN_ENUM_CONVERSION = YES;
				CLANG_WARN_INFINITE_RECURSION = YES;
				CLANG_WARN_INT_CONVERSION = YES;
				CLANG_WARN_NON_LITERAL_NULL_CONVERSION = YES;
				CLANG_WARN_OBJC_IMPLICIT_RETAIN_SELF = YES;
				CLANG_WARN_OBJC_LITERAL_CONVERSION = YES;
				CLANG_WARN_OBJC_ROOT_CLASS = YES_ERROR;
				CLANG_WARN_QUOTED_INCLUDE_IN_FRAMEWORK_HEADER = YES;
				CLANG_WARN_RANGE_LOOP_ANALYSIS = YES;
				CLANG_WARN_STRICT_PROTOTYPES = YES;
				CLANG_WARN_SUSPICIOUS_MOVE = YES;
				CLANG_WARN_UNGUARDED_AVAILABILITY = YES_AGGRESSIVE;
				CLANG_WARN_UNREACHABLE_CODE = YES;
				CLANG_WARN__DUPLICATE_METHOD_MATCH = YES;
				COPY_PHASE_STRIP = NO;
				DEBUG_INFORMATION_FORMAT = "dwarf-with-dsym";
				ENABLE_NS_ASSERTIONS = NO;
				ENABLE_STRICT_OBJC_MSGSEND = YES;
				ENABLE_USER_SCRIPT_SANDBOXING = YES;
				GCC_C_LANGUAGE_STANDARD = gnu17;
				GCC_NO_COMMON_BLOCKS = YES;
				GCC_WARN_64_TO_32_BIT_CONVERSION = YES;
				GCC_WARN_ABOUT_RETURN_TYPE = YES_ERROR;
				GCC_WARN_UNDECLARED_SELECTOR = YES;
				GCC_WARN_UNINITIALIZED_AUTOS = YES_AGGRESSIVE;
				GCC_WARN_UNUSED_FUNCTION = YES;
				GCC_WARN_UNUSED_VARIABLE = YES;
				IPHONEOS_DEPLOYMENT_TARGET = 17.2;
				LOCALIZATION_PREFERS_STRING_CATALOGS = YES;
				MTL_ENABLE_DEBUG_INFO = NO;
				MTL_FAST_MATH = YES;
				SDKROOT = iphoneos;
				SWIFT_COMPILATION_MODE = wholemodule;
				VALIDATE_PRODUCT = YES;
			};
			name = Release;
		};
		E2626FCA2B30AF330020F59A /* Debug */ = {
			isa = XCBuildConfiguration;
			buildSettings = {
				ALWAYS_EMBED_SWIFT_STANDARD_LIBRARIES = YES;
				ASSETCATALOG_COMPILER_APPICON_NAME = AppIcon;
				ASSETCATALOG_COMPILER_GLOBAL_ACCENT_COLOR_NAME = AccentColor;
				CODE_SIGN_STYLE = Automatic;
				CURRENT_PROJECT_VERSION = 1;
				DEVELOPMENT_ASSET_PATHS = "\"Poeto/Preview Content\"";
				DEVELOPMENT_TEAM = 9R4AQ377X3;
				ENABLE_PREVIEWS = YES;
				GENERATE_INFOPLIST_FILE = YES;
				INFOPLIST_KEY_UIApplicationSceneManifest_Generation = YES;
				INFOPLIST_KEY_UIApplicationSupportsIndirectInputEvents = YES;
				INFOPLIST_KEY_UILaunchScreen_Generation = YES;
				INFOPLIST_KEY_UISupportedInterfaceOrientations_iPad = "UIInterfaceOrientationPortrait UIInterfaceOrientationPortraitUpsideDown UIInterfaceOrientationLandscapeLeft UIInterfaceOrientationLandscapeRight";
				INFOPLIST_KEY_UISupportedInterfaceOrientations_iPhone = "UIInterfaceOrientationPortrait UIInterfaceOrientationLandscapeLeft UIInterfaceOrientationLandscapeRight";
				LD_RUNPATH_SEARCH_PATHS = (
					"$(inherited)",
					"@executable_path/Frameworks",
				);
				MARKETING_VERSION = 1.0;
				PRODUCT_BUNDLE_IDENTIFIER = app.poeto.Poeto;
				PRODUCT_NAME = "$(TARGET_NAME)";
				SWIFT_EMIT_LOC_STRINGS = YES;
				SWIFT_VERSION = 5.0;
				TARGETED_DEVICE_FAMILY = "1,2";
			};
			name = Debug;
		};
		E2626FCB2B30AF330020F59A /* Release */ = {
			isa = XCBuildConfiguration;
			buildSettings = {
				ALWAYS_EMBED_SWIFT_STANDARD_LIBRARIES = YES;
				ASSETCATALOG_COMPILER_APPICON_NAME = AppIcon;
				ASSETCATALOG_COMPILER_GLOBAL_ACCENT_COLOR_NAME = AccentColor;
				CODE_SIGN_STYLE = Automatic;
				CURRENT_PROJECT_VERSION = 1;
				DEVELOPMENT_ASSET_PATHS = "\"Poeto/Preview Content\"";
				DEVELOPMENT_TEAM = 9R4AQ377X3;
				ENABLE_PREVIEWS = YES;
				GENERATE_INFOPLIST_FILE = YES;
				INFOPLIST_KEY_UIApplicationSceneManifest_Generation = YES;
				INFOPLIST_KEY_UIApplicationSupportsIndirectInputEvents = YES;
				INFOPLIST_KEY_UILaunchScreen_Generation = YES;
				INFOPLIST_KEY_UISupportedInterfaceOrientations_iPad = "UIInterfaceOrientationPortrait UIInterfaceOrientationPortraitUpsideDown UIInterfaceOrientationLandscapeLeft UIInterfaceOrientationLandscapeRight";
				INFOPLIST_KEY_UISupportedInterfaceOrientations_iPhone = "UIInterfaceOrientationPortrait UIInterfaceOrientationLandscapeLeft UIInterfaceOrientationLandscapeRight";
				LD_RUNPATH_SEARCH_PATHS = (
					"$(inherited)",
					"@executable_path/Frameworks",
				);
				MARKETING_VERSION = 1.0;
				PRODUCT_BUNDLE_IDENTIFIER = app.poeto.Poeto;
				PRODUCT_NAME = "$(TARGET_NAME)";
				SWIFT_EMIT_LOC_STRINGS = YES;
				SWIFT_VERSION = 5.0;
				TARGETED_DEVICE_FAMILY = "1,2";
			};
			name = Release;
		};
		E2626FCD2B30AF330020F59A /* Debug */ = {
			isa = XCBuildConfiguration;
			buildSettings = {
				ALWAYS_EMBED_SWIFT_STANDARD_LIBRARIES = YES;
				BUNDLE_LOADER = "$(TEST_HOST)";
				CODE_SIGN_STYLE = Automatic;
				CURRENT_PROJECT_VERSION = 1;
				DEVELOPMENT_TEAM = 9R4AQ377X3;
				GENERATE_INFOPLIST_FILE = YES;
				IPHONEOS_DEPLOYMENT_TARGET = 17.2;
				MARKETING_VERSION = 1.0;
				PRODUCT_BUNDLE_IDENTIFIER = app.poeto.PoetoTests;
				PRODUCT_NAME = "$(TARGET_NAME)";
				SWIFT_EMIT_LOC_STRINGS = NO;
				SWIFT_VERSION = 5.0;
				TARGETED_DEVICE_FAMILY = "1,2";
				TEST_HOST = "$(BUILT_PRODUCTS_DIR)/Poeto.app/$(BUNDLE_EXECUTABLE_FOLDER_PATH)/Poeto";
			};
			name = Debug;
		};
		E2626FCE2B30AF330020F59A /* Release */ = {
			isa = XCBuildConfiguration;
			buildSettings = {
				ALWAYS_EMBED_SWIFT_STANDARD_LIBRARIES = YES;
				BUNDLE_LOADER = "$(TEST_HOST)";
				CODE_SIGN_STYLE = Automatic;
				CURRENT_PROJECT_VERSION = 1;
				DEVELOPMENT_TEAM = 9R4AQ377X3;
				GENERATE_INFOPLIST_FILE = YES;
				IPHONEOS_DEPLOYMENT_TARGET = 17.2;
				MARKETING_VERSION = 1.0;
				PRODUCT_BUNDLE_IDENTIFIER = app.poeto.PoetoTests;
				PRODUCT_NAME = "$(TARGET_NAME)";
				SWIFT_EMIT_LOC_STRINGS = NO;
				SWIFT_VERSION = 5.0;
				TARGETED_DEVICE_FAMILY = "1,2";
				TEST_HOST = "$(BUILT_PRODUCTS_DIR)/Poeto.app/$(BUNDLE_EXECUTABLE_FOLDER_PATH)/Poeto";
			};
			name = Release;
		};
		E2626FD02B30AF330020F59A /* Debug */ = {
			isa = XCBuildConfiguration;
			buildSettings = {
				ALWAYS_EMBED_SWIFT_STANDARD_LIBRARIES = YES;
				CODE_SIGN_STYLE = Automatic;
				CURRENT_PROJECT_VERSION = 1;
				DEVELOPMENT_TEAM = 9R4AQ377X3;
				GENERATE_INFOPLIST_FILE = YES;
				MARKETING_VERSION = 1.0;
				PRODUCT_BUNDLE_IDENTIFIER = app.poeto.PoetoUITests;
				PRODUCT_NAME = "$(TARGET_NAME)";
				SWIFT_EMIT_LOC_STRINGS = NO;
				SWIFT_VERSION = 5.0;
				TARGETED_DEVICE_FAMILY = "1,2";
				TEST_TARGET_NAME = Poeto;
			};
			name = Debug;
		};
		E2626FD12B30AF330020F59A /* Release */ = {
			isa = XCBuildConfiguration;
			buildSettings = {
				ALWAYS_EMBED_SWIFT_STANDARD_LIBRARIES = YES;
				CODE_SIGN_STYLE = Automatic;
				CURRENT_PROJECT_VERSION = 1;
				DEVELOPMENT_TEAM = 9R4AQ377X3;
				GENERATE_INFOPLIST_FILE = YES;
				MARKETING_VERSION = 1.0;
				PRODUCT_BUNDLE_IDENTIFIER = app.poeto.PoetoUITests;
				PRODUCT_NAME = "$(TARGET_NAME)";
				SWIFT_EMIT_LOC_STRINGS = NO;
				SWIFT_VERSION = 5.0;
				TARGETED_DEVICE_FAMILY = "1,2";
				TEST_TARGET_NAME = Poeto;
			};
			name = Release;
		};
		E27C2E452B30B1DF00354D74 /* Debug */ = {
			isa = XCBuildConfiguration;
			buildSettings = {
				CLANG_ENABLE_MODULES = YES;
				CODE_SIGN_STYLE = Automatic;
				CURRENT_PROJECT_VERSION = 1;
				DEVELOPMENT_TEAM = 9R4AQ377X3;
				GENERATE_INFOPLIST_FILE = YES;
				INFOPLIST_FILE = Klavaro/Info.plist;
				INFOPLIST_KEY_CFBundleDisplayName = Klavaro;
				INFOPLIST_KEY_NSHumanReadableCopyright = "";
				LD_RUNPATH_SEARCH_PATHS = (
					"$(inherited)",
					"@executable_path/Frameworks",
					"@executable_path/../../Frameworks",
				);
				MARKETING_VERSION = 1.0;
				PRODUCT_BUNDLE_IDENTIFIER = app.poeto.Poeto.Klavaro;
				PRODUCT_NAME = "$(TARGET_NAME)";
				SKIP_INSTALL = YES;
				SWIFT_EMIT_LOC_STRINGS = YES;
				SWIFT_OPTIMIZATION_LEVEL = "-Onone";
				SWIFT_VERSION = 5.0;
				TARGETED_DEVICE_FAMILY = "1,2";
			};
			name = Debug;
		};
		E27C2E462B30B1DF00354D74 /* Release */ = {
			isa = XCBuildConfiguration;
			buildSettings = {
				CLANG_ENABLE_MODULES = YES;
				CODE_SIGN_STYLE = Automatic;
				CURRENT_PROJECT_VERSION = 1;
				DEVELOPMENT_TEAM = 9R4AQ377X3;
				GENERATE_INFOPLIST_FILE = YES;
				INFOPLIST_FILE = Klavaro/Info.plist;
				INFOPLIST_KEY_CFBundleDisplayName = Klavaro;
				INFOPLIST_KEY_NSHumanReadableCopyright = "";
				LD_RUNPATH_SEARCH_PATHS = (
					"$(inherited)",
					"@executable_path/Frameworks",
					"@executable_path/../../Frameworks",
				);
				MARKETING_VERSION = 1.0;
				PRODUCT_BUNDLE_IDENTIFIER = app.poeto.Poeto.Klavaro;
				PRODUCT_NAME = "$(TARGET_NAME)";
				SKIP_INSTALL = YES;
				SWIFT_EMIT_LOC_STRINGS = YES;
				SWIFT_VERSION = 5.0;
				TARGETED_DEVICE_FAMILY = "1,2";
			};
			name = Release;
		};
/* End XCBuildConfiguration section */

/* Begin XCConfigurationList section */
		E2626FA02B30AF310020F59A /* Build configuration list for PBXProject "Poeto" */ = {
			isa = XCConfigurationList;
			buildConfigurations = (
				E2626FC72B30AF330020F59A /* Debug */,
				E2626FC82B30AF330020F59A /* Release */,
			);
			defaultConfigurationIsVisible = 0;
			defaultConfigurationName = Release;
		};
		E2626FC92B30AF330020F59A /* Build configuration list for PBXNativeTarget "Poeto" */ = {
			isa = XCConfigurationList;
			buildConfigurations = (
				E2626FCA2B30AF330020F59A /* Debug */,
				E2626FCB2B30AF330020F59A /* Release */,
			);
			defaultConfigurationIsVisible = 0;
			defaultConfigurationName = Release;
		};
		E2626FCC2B30AF330020F59A /* Build configuration list for PBXNativeTarget "PoetoTests" */ = {
			isa = XCConfigurationList;
			buildConfigurations = (
				E2626FCD2B30AF330020F59A /* Debug */,
				E2626FCE2B30AF330020F59A /* Release */,
			);
			defaultConfigurationIsVisible = 0;
			defaultConfigurationName = Release;
		};
		E2626FCF2B30AF330020F59A /* Build configuration list for PBXNativeTarget "PoetoUITests" */ = {
			isa = XCConfigurationList;
			buildConfigurations = (
				E2626FD02B30AF330020F59A /* Debug */,
				E2626FD12B30AF330020F59A /* Release */,
			);
			defaultConfigurationIsVisible = 0;
			defaultConfigurationName = Release;
		};
		E27C2E472B30B1DF00354D74 /* Build configuration list for PBXNativeTarget "Klavaro" */ = {
			isa = XCConfigurationList;
			buildConfigurations = (
				E27C2E452B30B1DF00354D74 /* Debug */,
				E27C2E462B30B1DF00354D74 /* Release */,
			);
			defaultConfigurationIsVisible = 0;
			defaultConfigurationName = Release;
		};
/* End XCConfigurationList section */

/* Begin XCRemoteSwiftPackageReference section */
		E27C2E482B30B22500354D74 /* XCRemoteSwiftPackageReference "KeyboardKit" */ = {
			isa = XCRemoteSwiftPackageReference;
			repositoryURL = "https://github.com/KeyboardKit/KeyboardKit.git";
			requirement = {
				kind = upToNextMajorVersion;
				minimumVersion = 8.1.2;
			};
		};
/* End XCRemoteSwiftPackageReference section */

/* Begin XCSwiftPackageProductDependency section */
		E27C2E492B30B22500354D74 /* KeyboardKit */ = {
			isa = XCSwiftPackageProductDependency;
			package = E27C2E482B30B22500354D74 /* XCRemoteSwiftPackageReference "KeyboardKit" */;
			productName = KeyboardKit;
		};
		E27C2E502B313D5000354D74 /* KeyboardKit */ = {
			isa = XCSwiftPackageProductDependency;
			package = E27C2E482B30B22500354D74 /* XCRemoteSwiftPackageReference "KeyboardKit" */;
			productName = KeyboardKit;
		};
/* End XCSwiftPackageProductDependency section */
	};
	rootObject = E2626F9D2B30AF310020F59A /* Project object */;
}
